
Microsoft Visual Studio Solution File, Format Version 12.00
# Visual Studio 15
VisualStudioVersion = 15.0.28307.438
MinimumVisualStudioVersion = 10.0.40219.1
Project("{FAE04EC0-301F-11D3-BF4B-00C04F79EFBC}") = "WindowsFormsApp1", "WindowsFormsApp1\WindowsFormsApp1.csproj", "{A6E1047B-6449-46FB-AA11-AE7EAFB40CFD}"
EndProject
Global
	GlobalSection(SolutionConfigurationPlatforms) = preSolution
		Debug|Any CPU = Debug|Any CPU
		Release|Any CPU = Release|Any CPU
	EndGlobalSection
	GlobalSection(ProjectConfigurationPlatforms) = postSolution
		{A6E1047B-6449-46FB-AA11-AE7EAFB40CFD}.Debug|Any CPU.ActiveCfg = Debug|Any CPU
		{A6E1047B-6449-46FB-AA11-AE7EAFB40CFD}.Debug|Any CPU.Build.0 = Debug|Any CPU
		{A6E1047B-6449-46FB-AA11-AE7EAFB40CFD}.Release|Any CPU.ActiveCfg = Release|Any CPU
		{A6E1047B-6449-46FB-AA11-AE7EAFB40CFD}.Release|Any CPU.Build.0 = Release|Any CPU
	EndGlobalSection
	GlobalSection(SolutionProperties) = preSolution
		HideSolutionNode = FALSE
	EndGlobalSection
	GlobalSection(ExtensibilityGlobals) = postSolution
		SolutionGuid = {41D2A424-5ED2-4B0A-8C86-5AE669BCBB06}
	EndGlobalSection
EndGlobal
